
Microsoft Visual Studio Solution File, Format Version 12.00
# Visual Studio Version 17
VisualStudioVersion = 17.7.34031.279
MinimumVisualStudioVersion = 10.0.40219.1
Project("{FAE04EC0-301F-11D3-BF4B-00C04F79EFBC}") = "WebApplication1", "WebApplication1\WebApplication1.csproj", "{D5B98BDF-35A4-4B08-9EFB-6CDCA99ABC7A}"
EndProject
Global
	GlobalSection(SolutionConfigurationPlatforms) = preSolution
		Debug|Any CPU = Debug|Any CPU
		Release|Any CPU = Release|Any CPU
	EndGlobalSection
	GlobalSection(ProjectConfigurationPlatforms) = postSolution
		{D5B98BDF-35A4-4B08-9EFB-6CDCA99ABC7A}.Debug|Any CPU.ActiveCfg = Debug|Any CPU
		{D5B98BDF-35A4-4B08-9EFB-6CDCA99ABC7A}.Debug|Any CPU.Build.0 = Debug|Any CPU
		{D5B98BDF-35A4-4B08-9EFB-6CDCA99ABC7A}.Release|Any CPU.ActiveCfg = Release|Any CPU
		{D5B98BDF-35A4-4B08-9EFB-6CDCA99ABC7A}.Release|Any CPU.Build.0 = Release|Any CPU
	EndGlobalSection
	GlobalSection(SolutionProperties) = preSolution
		HideSolutionNode = FALSE
	EndGlobalSection
	GlobalSection(ExtensibilityGlobals) = postSolution
		SolutionGuid = {0E17D72A-EC0A-4BBC-9FE7-DB0CAD8453C5}
	EndGlobalSection
EndGlobal
