
Microsoft Visual Studio Solution File, Format Version 12.00
Project("{FAE04EC0-301F-11D3-BF4B-00C04F79EFBC}") = "WebSockets", "WebSockets\WebSockets.csproj", "{39CE10AA-1735-4E98-8099-4BF7D4BD6F8D}"
EndProject
Global
	GlobalSection(SolutionConfigurationPlatforms) = preSolution
		Debug|Any CPU = Debug|Any CPU
		Release|Any CPU = Release|Any CPU
	EndGlobalSection
	GlobalSection(ProjectConfigurationPlatforms) = postSolution
		{39CE10AA-1735-4E98-8099-4BF7D4BD6F8D}.Debug|Any CPU.ActiveCfg = Debug|Any CPU
		{39CE10AA-1735-4E98-8099-4BF7D4BD6F8D}.Debug|Any CPU.Build.0 = Debug|Any CPU
		{39CE10AA-1735-4E98-8099-4BF7D4BD6F8D}.Release|Any CPU.ActiveCfg = Release|Any CPU
		{39CE10AA-1735-4E98-8099-4BF7D4BD6F8D}.Release|Any CPU.Build.0 = Release|Any CPU
	EndGlobalSection
EndGlobal
