
Microsoft Visual Studio Solution File, Format Version 12.00
Project("{FAE04EC0-301F-11D3-BF4B-00C04F79EFBC}") = "lab6", "lab6\lab6.csproj", "{356203F3-1077-44DE-96E2-509578E720C9}"
EndProject
Global
	GlobalSection(SolutionConfigurationPlatforms) = preSolution
		Debug|Any CPU = Debug|Any CPU
		Release|Any CPU = Release|Any CPU
	EndGlobalSection
	GlobalSection(ProjectConfigurationPlatforms) = postSolution
		{356203F3-1077-44DE-96E2-509578E720C9}.Debug|Any CPU.ActiveCfg = Debug|Any CPU
		{356203F3-1077-44DE-96E2-509578E720C9}.Debug|Any CPU.Build.0 = Debug|Any CPU
		{356203F3-1077-44DE-96E2-509578E720C9}.Release|Any CPU.ActiveCfg = Release|Any CPU
		{356203F3-1077-44DE-96E2-509578E720C9}.Release|Any CPU.Build.0 = Release|Any CPU
	EndGlobalSection
EndGlobal
